
Microsoft Visual Studio Solution File, Format Version 12.00
# Visual Studio Version 17
VisualStudioVersion = 17.1.32210.238
MinimumVisualStudioVersion = 10.0.40219.1
Project("{FAE04EC0-301F-11D3-BF4B-00C04F79EFBC}") = "Nager.TcpClient", "Nager.TcpClient\Nager.TcpClient.csproj", "{7CC1FA86-340E-42B9-809B-796C59A604A4}"
EndProject
Project("{FAE04EC0-301F-11D3-BF4B-00C04F79EFBC}") = "Nager.TcpClient.UnitTest", "Nager.TcpClient.UnitTest\Nager.TcpClient.UnitTest.csproj", "{7F70F08E-5ED5-46A0-8813-8083C7357756}"
EndProject
Global
	GlobalSection(SolutionConfigurationPlatforms) = preSolution
		Debug|Any CPU = Debug|Any CPU
		Release|Any CPU = Release|Any CPU
	EndGlobalSection
	GlobalSection(ProjectConfigurationPlatforms) = postSolution
		{7CC1FA86-340E-42B9-809B-796C59A604A4}.Debug|Any CPU.ActiveCfg = Debug|Any CPU
		{7CC1FA86-340E-42B9-809B-796C59A604A4}.Debug|Any CPU.Build.0 = Debug|Any CPU
		{7CC1FA86-340E-42B9-809B-796C59A604A4}.Release|Any CPU.ActiveCfg = Release|Any CPU
		{7CC1FA86-340E-42B9-809B-796C59A604A4}.Release|Any CPU.Build.0 = Release|Any CPU
		{7F70F08E-5ED5-46A0-8813-8083C7357756}.Debug|Any CPU.ActiveCfg = Debug|Any CPU
		{7F70F08E-5ED5-46A0-8813-8083C7357756}.Debug|Any CPU.Build.0 = Debug|Any CPU
		{7F70F08E-5ED5-46A0-8813-8083C7357756}.Release|Any CPU.ActiveCfg = Release|Any CPU
		{7F70F08E-5ED5-46A0-8813-8083C7357756}.Release|Any CPU.Build.0 = Release|Any CPU
	EndGlobalSection
	GlobalSection(SolutionProperties) = preSolution
		HideSolutionNode = FALSE
	EndGlobalSection
	GlobalSection(ExtensibilityGlobals) = postSolution
		SolutionGuid = {3CE037A9-7E01-4791-8E96-02074D7ED212}
	EndGlobalSection
EndGlobal
